
Microsoft Visual Studio Solution File, Format Version 12.00
# Visual Studio Version 17
VisualStudioVersion = 17.10.35027.167
MinimumVisualStudioVersion = 10.0.40219.1
Project("{9A19103F-16F7-4668-BE54-9A1E7A4F7556}") = "UserManagement_API", "UserManagement_API\UserManagement_API.csproj", "{77B3357D-8B19-4952-AEF6-153788DC465E}"
EndProject
Project("{9A19103F-16F7-4668-BE54-9A1E7A4F7556}") = "UserManagement_Core", "UserManagement.Core\UserManagement_Core.csproj", "{7921E29F-DA6E-481E-8CD2-ED34275DC4C9}"
EndProject
Project("{9A19103F-16F7-4668-BE54-9A1E7A4F7556}") = "UserManagement_Application", "UserManagement_Application\UserManagement_Application.csproj", "{C1D3C839-34E5-4DAB-BAE1-E839A6D9C860}"
EndProject
Project("{9A19103F-16F7-4668-BE54-9A1E7A4F7556}") = "UserManagement_Presentation", "UserManagement_Presentation\UserManagement_Presentation.csproj", "{FDDA71B5-DEEA-4763-B965-6224B8E98B47}"
EndProject
Project("{FAE04EC0-301F-11D3-BF4B-00C04F79EFBC}") = "UserManagement.Test", "UserManagement.Test\UserManagement.Test.csproj", "{05D64481-FA5D-42E1-BF36-2B8B3C4DC943}"
EndProject
Global
	GlobalSection(SolutionConfigurationPlatforms) = preSolution
		Debug|Any CPU = Debug|Any CPU
		Release|Any CPU = Release|Any CPU
	EndGlobalSection
	GlobalSection(ProjectConfigurationPlatforms) = postSolution
		{77B3357D-8B19-4952-AEF6-153788DC465E}.Debug|Any CPU.ActiveCfg = Debug|Any CPU
		{77B3357D-8B19-4952-AEF6-153788DC465E}.Debug|Any CPU.Build.0 = Debug|Any CPU
		{77B3357D-8B19-4952-AEF6-153788DC465E}.Release|Any CPU.ActiveCfg = Release|Any CPU
		{77B3357D-8B19-4952-AEF6-153788DC465E}.Release|Any CPU.Build.0 = Release|Any CPU
		{7921E29F-DA6E-481E-8CD2-ED34275DC4C9}.Debug|Any CPU.ActiveCfg = Debug|Any CPU
		{7921E29F-DA6E-481E-8CD2-ED34275DC4C9}.Debug|Any CPU.Build.0 = Debug|Any CPU
		{7921E29F-DA6E-481E-8CD2-ED34275DC4C9}.Release|Any CPU.ActiveCfg = Release|Any CPU
		{7921E29F-DA6E-481E-8CD2-ED34275DC4C9}.Release|Any CPU.Build.0 = Release|Any CPU
		{C1D3C839-34E5-4DAB-BAE1-E839A6D9C860}.Debug|Any CPU.ActiveCfg = Debug|Any CPU
		{C1D3C839-34E5-4DAB-BAE1-E839A6D9C860}.Debug|Any CPU.Build.0 = Debug|Any CPU
		{C1D3C839-34E5-4DAB-BAE1-E839A6D9C860}.Release|Any CPU.ActiveCfg = Release|Any CPU
		{C1D3C839-34E5-4DAB-BAE1-E839A6D9C860}.Release|Any CPU.Build.0 = Release|Any CPU
		{FDDA71B5-DEEA-4763-B965-6224B8E98B47}.Debug|Any CPU.ActiveCfg = Debug|Any CPU
		{FDDA71B5-DEEA-4763-B965-6224B8E98B47}.Debug|Any CPU.Build.0 = Debug|Any CPU
		{FDDA71B5-DEEA-4763-B965-6224B8E98B47}.Release|Any CPU.ActiveCfg = Release|Any CPU
		{FDDA71B5-DEEA-4763-B965-6224B8E98B47}.Release|Any CPU.Build.0 = Release|Any CPU
		{05D64481-FA5D-42E1-BF36-2B8B3C4DC943}.Debug|Any CPU.ActiveCfg = Debug|Any CPU
		{05D64481-FA5D-42E1-BF36-2B8B3C4DC943}.Debug|Any CPU.Build.0 = Debug|Any CPU
		{05D64481-FA5D-42E1-BF36-2B8B3C4DC943}.Release|Any CPU.ActiveCfg = Release|Any CPU
		{05D64481-FA5D-42E1-BF36-2B8B3C4DC943}.Release|Any CPU.Build.0 = Release|Any CPU
	EndGlobalSection
	GlobalSection(SolutionProperties) = preSolution
		HideSolutionNode = FALSE
	EndGlobalSection
	GlobalSection(ExtensibilityGlobals) = postSolution
		SolutionGuid = {B8077256-0104-4376-82F6-FED14FAFD358}
	EndGlobalSection
EndGlobal
